// !$*UTF8*$!
{
	archiveVersion = 1;
	classes = {
	};
	objectVersion = 50;
	objects = {

/* Begin PBXBuildFile section */
		84BAB65E266114B300E8C9DA /* AppDelegate.swift in Sources */ = {isa = PBXBuildFile; fileRef = 84BAB65D266114B300E8C9DA /* AppDelegate.swift */; };
		84BAB660266114B300E8C9DA /* SceneDelegate.swift in Sources */ = {isa = PBXBuildFile; fileRef = 84BAB65F266114B300E8C9DA /* SceneDelegate.swift */; };
		84BAB662266114B300E8C9DA /* EmojiMemoryGameView.swift in Sources */ = {isa = PBXBuildFile; fileRef = 84BAB661266114B300E8C9DA /* EmojiMemoryGameView.swift */; };
		84BAB664266114B500E8C9DA /* Assets.xcassets in Resources */ = {isa = PBXBuildFile; fileRef = 84BAB663266114B500E8C9DA /* Assets.xcassets */; };
		84BAB667266114B500E8C9DA /* Preview Assets.xcassets in Resources */ = {isa = PBXBuildFile; fileRef = 84BAB666266114B500E8C9DA /* Preview Assets.xcassets */; };
		84BAB66A266114B500E8C9DA /* LaunchScreen.storyboard in Resources */ = {isa = PBXBuildFile; fileRef = 84BAB668266114B500E8C9DA /* LaunchScreen.storyboard */; };
		84BAB67326614B2300E8C9DA /* MemoryGame.swift in Sources */ = {isa = PBXBuildFile; fileRef = 84BAB67226614B2300E8C9DA /* MemoryGame.swift */; };
		84BAB67626614EE400E8C9DA /* EmojiMemoryGame.swift in Sources */ = {isa = PBXBuildFile; fileRef = 84BAB67526614EE400E8C9DA /* EmojiMemoryGame.swift */; };
		84BAB67A26627DFF00E8C9DA /* Grid.swift in Sources */ = {isa = PBXBuildFile; fileRef = 84BAB67926627DFF00E8C9DA /* Grid.swift */; };
		84BAB6842662C21200E8C9DA /* GridLayout.swift in Sources */ = {isa = PBXBuildFile; fileRef = 84BAB6832662C21200E8C9DA /* GridLayout.swift */; };
		84BAB6882662C81400E8C9DA /* Array+Identifiable.swift in Sources */ = {isa = PBXBuildFile; fileRef = 84BAB6872662C81400E8C9DA /* Array+Identifiable.swift */; };
		84BAB68B2662DE8500E8C9DA /* Array+Only.swift in Sources */ = {isa = PBXBuildFile; fileRef = 84BAB68A2662DE8500E8C9DA /* Array+Only.swift */; };
		84BAB68E26631C8000E8C9DA /* Pie.swift in Sources */ = {isa = PBXBuildFile; fileRef = 84BAB68D26631C8000E8C9DA /* Pie.swift */; };
		84BAB69126632A5800E8C9DA /* Cardify.swift in Sources */ = {isa = PBXBuildFile; fileRef = 84BAB69026632A5800E8C9DA /* Cardify.swift */; };
/* End PBXBuildFile section */

/* Begin PBXFileReference section */
		84BAB65A266114B300E8C9DA /* Memoria.app */ = {isa = PBXFileReference; explicitFileType = wrapper.application; includeInIndex = 0; path = Memoria.app; sourceTree = BUILT_PRODUCTS_DIR; };
		84BAB65D266114B300E8C9DA /* AppDelegate.swift */ = {isa = PBXFileReference; lastKnownFileType = sourcecode.swift; path = AppDelegate.swift; sourceTree = "<group>"; };
		84BAB65F266114B300E8C9DA /* SceneDelegate.swift */ = {isa = PBXFileReference; lastKnownFileType = sourcecode.swift; path = SceneDelegate.swift; sourceTree = "<group>"; };
		84BAB661266114B300E8C9DA /* EmojiMemoryGameView.swift */ = {isa = PBXFileReference; lastKnownFileType = sourcecode.swift; path = EmojiMemoryGameView.swift; sourceTree = "<group>"; };
		84BAB663266114B500E8C9DA /* Assets.xcassets */ = {isa = PBXFileReference; lastKnownFileType = folder.assetcatalog; path = Assets.xcassets; sourceTree = "<group>"; };
		84BAB666266114B500E8C9DA /* Preview Assets.xcassets */ = {isa = PBXFileReference; lastKnownFileType = folder.assetcatalog; path = "Preview Assets.xcassets"; sourceTree = "<group>"; };
		84BAB669266114B500E8C9DA /* Base */ = {isa = PBXFileReference; lastKnownFileType = file.storyboard; name = Base; path = Base.lproj/LaunchScreen.storyboard; sourceTree = "<group>"; };
		84BAB66B266114B500E8C9DA /* Info.plist */ = {isa = PBXFileReference; lastKnownFileType = text.plist.xml; path = Info.plist; sourceTree = "<group>"; };
		84BAB67226614B2300E8C9DA /* MemoryGame.swift */ = {isa = PBXFileReference; lastKnownFileType = sourcecode.swift; path = MemoryGame.swift; sourceTree = "<group>"; };
		84BAB67526614EE400E8C9DA /* EmojiMemoryGame.swift */ = {isa = PBXFileReference; lastKnownFileType = sourcecode.swift; path = EmojiMemoryGame.swift; sourceTree = "<group>"; };
		84BAB67926627DFF00E8C9DA /* Grid.swift */ = {isa = PBXFileReference; lastKnownFileType = sourcecode.swift; path = Grid.swift; sourceTree = "<group>"; };
		84BAB6832662C21200E8C9DA /* GridLayout.swift */ = {isa = PBXFileReference; fileEncoding = 4; lastKnownFileType = sourcecode.swift; path = GridLayout.swift; sourceTree = "<group>"; };
		84BAB6872662C81400E8C9DA /* Array+Identifiable.swift */ = {isa = PBXFileReference; lastKnownFileType = sourcecode.swift; path = "Array+Identifiable.swift"; sourceTree = "<group>"; };
		84BAB68A2662DE8500E8C9DA /* Array+Only.swift */ = {isa = PBXFileReference; lastKnownFileType = sourcecode.swift; path = "Array+Only.swift"; sourceTree = "<group>"; };
		84BAB68D26631C8000E8C9DA /* Pie.swift */ = {isa = PBXFileReference; lastKnownFileType = sourcecode.swift; path = Pie.swift; sourceTree = "<group>"; };
		84BAB69026632A5800E8C9DA /* Cardify.swift */ = {isa = PBXFileReference; lastKnownFileType = sourcecode.swift; path = Cardify.swift; sourceTree = "<group>"; };
/* End PBXFileReference section */

/* Begin PBXFrameworksBuildPhase section */
		84BAB657266114B300E8C9DA /* Frameworks */ = {
			isa = PBXFrameworksBuildPhase;
			buildActionMask = 2147483647;
			files = (
			);
			runOnlyForDeploymentPostprocessing = 0;
		};
/* End PBXFrameworksBuildPhase section */

/* Begin PBXGroup section */
		84BAB651266114B300E8C9DA = {
			isa = PBXGroup;
			children = (
				84BAB65C266114B300E8C9DA /* Memoria */,
				84BAB65B266114B300E8C9DA /* Products */,
			);
			sourceTree = "<group>";
		};
		84BAB65B266114B300E8C9DA /* Products */ = {
			isa = PBXGroup;
			children = (
				84BAB65A266114B300E8C9DA /* Memoria.app */,
			);
			name = Products;
			sourceTree = "<group>";
		};
		84BAB65C266114B300E8C9DA /* Memoria */ = {
			isa = PBXGroup;
			children = (
				84BAB65D266114B300E8C9DA /* AppDelegate.swift */,
				84BAB65F266114B300E8C9DA /* SceneDelegate.swift */,
				84BAB661266114B300E8C9DA /* EmojiMemoryGameView.swift */,
				84BAB69026632A5800E8C9DA /* Cardify.swift */,
				84BAB68D26631C8000E8C9DA /* Pie.swift */,
				84BAB67926627DFF00E8C9DA /* Grid.swift */,
				84BAB6872662C81400E8C9DA /* Array+Identifiable.swift */,
				84BAB6832662C21200E8C9DA /* GridLayout.swift */,
				84BAB67226614B2300E8C9DA /* MemoryGame.swift */,
				84BAB68A2662DE8500E8C9DA /* Array+Only.swift */,
				84BAB67526614EE400E8C9DA /* EmojiMemoryGame.swift */,
				84BAB663266114B500E8C9DA /* Assets.xcassets */,
				84BAB668266114B500E8C9DA /* LaunchScreen.storyboard */,
				84BAB66B266114B500E8C9DA /* Info.plist */,
				84BAB665266114B500E8C9DA /* Preview Content */,
			);
			path = Memoria;
			sourceTree = "<group>";
		};
		84BAB665266114B500E8C9DA /* Preview Content */ = {
			isa = PBXGroup;
			children = (
				84BAB666266114B500E8C9DA /* Preview Assets.xcassets */,
			);
			path = "Preview Content";
			sourceTree = "<group>";
		};
/* End PBXGroup section */

/* Begin PBXNativeTarget section */
		84BAB659266114B300E8C9DA /* Memoria */ = {
			isa = PBXNativeTarget;
			buildConfigurationList = 84BAB66E266114B500E8C9DA /* Build configuration list for PBXNativeTarget "Memoria" */;
			buildPhases = (
				84BAB656266114B300E8C9DA /* Sources */,
				84BAB657266114B300E8C9DA /* Frameworks */,
				84BAB658266114B300E8C9DA /* Resources */,
			);
			buildRules = (
			);
			dependencies = (
			);
			name = Memoria;
			productName = Memoria;
			productReference = 84BAB65A266114B300E8C9DA /* Memoria.app */;
			productType = "com.apple.product-type.application";
		};
/* End PBXNativeTarget section */

/* Begin PBXProject section */
		84BAB652266114B300E8C9DA /* Project object */ = {
			isa = PBXProject;
			attributes = {
				LastSwiftUpdateCheck = 1210;
				LastUpgradeCheck = 1210;
				TargetAttributes = {
					84BAB659266114B300E8C9DA = {
						CreatedOnToolsVersion = 12.1;
					};
				};
			};
			buildConfigurationList = 84BAB655266114B300E8C9DA /* Build configuration list for PBXProject "Memoria" */;
			compatibilityVersion = "Xcode 9.3";
			developmentRegion = en;
			hasScannedForEncodings = 0;
			knownRegions = (
				en,
				Base,
			);
			mainGroup = 84BAB651266114B300E8C9DA;
			productRefGroup = 84BAB65B266114B300E8C9DA /* Products */;
			projectDirPath = "";
			projectRoot = "";
			targets = (
				84BAB659266114B300E8C9DA /* Memoria */,
			);
		};
/* End PBXProject section */

/* Begin PBXResourcesBuildPhase section */
		84BAB658266114B300E8C9DA /* Resources */ = {
			isa = PBXResourcesBuildPhase;
			buildActionMask = 2147483647;
			files = (
				84BAB66A266114B500E8C9DA /* LaunchScreen.storyboard in Resources */,
				84BAB667266114B500E8C9DA /* Preview Assets.xcassets in Resources */,
				84BAB664266114B500E8C9DA /* Assets.xcassets in Resources */,
			);
			runOnlyForDeploymentPostprocessing = 0;
		};
/* End PBXResourcesBuildPhase section */

/* Begin PBXSourcesBuildPhase section */
		84BAB656266114B300E8C9DA /* Sources */ = {
			isa = PBXSourcesBuildPhase;
			buildActionMask = 2147483647;
			files = (
				84BAB69126632A5800E8C9DA /* Cardify.swift in Sources */,
				84BAB68E26631C8000E8C9DA /* Pie.swift in Sources */,
				84BAB65E266114B300E8C9DA /* AppDelegate.swift in Sources */,
				84BAB660266114B300E8C9DA /* SceneDelegate.swift in Sources */,
				84BAB67326614B2300E8C9DA /* MemoryGame.swift in Sources */,
				84BAB68B2662DE8500E8C9DA /* Array+Only.swift in Sources */,
				84BAB662266114B300E8C9DA /* EmojiMemoryGameView.swift in Sources */,
				84BAB67626614EE400E8C9DA /* EmojiMemoryGame.swift in Sources */,
				84BAB6882662C81400E8C9DA /* Array+Identifiable.swift in Sources */,
				84BAB67A26627DFF00E8C9DA /* Grid.swift in Sources */,
				84BAB6842662C21200E8C9DA /* GridLayout.swift in Sources */,
			);
			runOnlyForDeploymentPostprocessing = 0;
		};
/* End PBXSourcesBuildPhase section */

/* Begin PBXVariantGroup section */
		84BAB668266114B500E8C9DA /* LaunchScreen.storyboard */ = {
			isa = PBXVariantGroup;
			children = (
				84BAB669266114B500E8C9DA /* Base */,
			);
			name = LaunchScreen.storyboard;
			sourceTree = "<group>";
		};
/* End PBXVariantGroup section */

/* Begin XCBuildConfiguration section */
		84BAB66C266114B500E8C9DA /* Debug */ = {
			isa = XCBuildConfiguration;
			buildSettings = {
				ALWAYS_SEARCH_USER_PATHS = NO;
				CLANG_ANALYZER_NONNULL = YES;
				CLANG_ANALYZER_NUMBER_OBJECT_CONVERSION = YES_AGGRESSIVE;
				CLANG_CXX_LANGUAGE_STANDARD = "gnu++14";
				CLANG_CXX_LIBRARY = "libc++";
				CLANG_ENABLE_MODULES = YES;
				CLANG_ENABLE_OBJC_ARC = YES;
				CLANG_ENABLE_OBJC_WEAK = YES;
				CLANG_WARN_BLOCK_CAPTURE_AUTORELEASING = YES;
				CLANG_WARN_BOOL_CONVERSION = YES;
				CLANG_WARN_COMMA = YES;
				CLANG_WARN_CONSTANT_CONVERSION = YES;
				CLANG_WARN_DEPRECATED_OBJC_IMPLEMENTATIONS = YES;
				CLANG_WARN_DIRECT_OBJC_ISA_USAGE = YES_ERROR;
				CLANG_WARN_DOCUMENTATION_COMMENTS = YES;
				CLANG_WARN_EMPTY_BODY = YES;
				CLANG_WARN_ENUM_CONVERSION = YES;
				CLANG_WARN_INFINITE_RECURSION = YES;
				CLANG_WARN_INT_CONVERSION = YES;
				CLANG_WARN_NON_LITERAL_NULL_CONVERSION = YES;
				CLANG_WARN_OBJC_IMPLICIT_RETAIN_SELF = YES;
				CLANG_WARN_OBJC_LITERAL_CONVERSION = YES;
				CLANG_WARN_OBJC_ROOT_CLASS = YES_ERROR;
				CLANG_WARN_QUOTED_INCLUDE_IN_FRAMEWORK_HEADER = YES;
				CLANG_WARN_RANGE_LOOP_ANALYSIS = YES;
				CLANG_WARN_STRICT_PROTOTYPES = YES;
				CLANG_WARN_SUSPICIOUS_MOVE = YES;
				CLANG_WARN_UNGUARDED_AVAILABILITY = YES_AGGRESSIVE;
				CLANG_WARN_UNREACHABLE_CODE = YES;
				CLANG_WARN__DUPLICATE_METHOD_MATCH = YES;
				COPY_PHASE_STRIP = NO;
				DEBUG_INFORMATION_FORMAT = dwarf;
				ENABLE_STRICT_OBJC_MSGSEND = YES;
				ENABLE_TESTABILITY = YES;
				GCC_C_LANGUAGE_STANDARD = gnu11;
				GCC_DYNAMIC_NO_PIC = NO;
				GCC_NO_COMMON_BLOCKS = YES;
				GCC_OPTIMIZATION_LEVEL = 0;
				GCC_PREPROCESSOR_DEFINITIONS = (
					"DEBUG=1",
					"$(inherited)",
				);
				GCC_WARN_64_TO_32_BIT_CONVERSION = YES;
				GCC_WARN_ABOUT_RETURN_TYPE = YES_ERROR;
				GCC_WARN_UNDECLARED_SELECTOR = YES;
				GCC_WARN_UNINITIALIZED_AUTOS = YES_AGGRESSIVE;
				GCC_WARN_UNUSED_FUNCTION = YES;
				GCC_WARN_UNUSED_VARIABLE = YES;
				IPHONEOS_DEPLOYMENT_TARGET = 14.1;
				MTL_ENABLE_DEBUG_INFO = INCLUDE_SOURCE;
				MTL_FAST_MATH = YES;
				ONLY_ACTIVE_ARCH = YES;
				SDKROOT = iphoneos;
				SWIFT_ACTIVE_COMPILATION_CONDITIONS = DEBUG;
				SWIFT_OPTIMIZATION_LEVEL = "-Onone";
			};
			name = Debug;
		};
		84BAB66D266114B500E8C9DA /* Release */ = {
			isa = XCBuildConfiguration;
			buildSettings = {
				ALWAYS_SEARCH_USER_PATHS = NO;
				CLANG_ANALYZER_NONNULL = YES;
				CLANG_ANALYZER_NUMBER_OBJECT_CONVERSION = YES_AGGRESSIVE;
				CLANG_CXX_LANGUAGE_STANDARD = "gnu++14";
				CLANG_CXX_LIBRARY = "libc++";
				CLANG_ENABLE_MODULES = YES;
				CLANG_ENABLE_OBJC_ARC = YES;
				CLANG_ENABLE_OBJC_WEAK = YES;
				CLANG_WARN_BLOCK_CAPTURE_AUTORELEASING = YES;
				CLANG_WARN_BOOL_CONVERSION = YES;
				CLANG_WARN_COMMA = YES;
				CLANG_WARN_CONSTANT_CONVERSION = YES;
				CLANG_WARN_DEPRECATED_OBJC_IMPLEMENTATIONS = YES;
				CLANG_WARN_DIRECT_OBJC_ISA_USAGE = YES_ERROR;
				CLANG_WARN_DOCUMENTATION_COMMENTS = YES;
				CLANG_WARN_EMPTY_BODY = YES;
				CLANG_WARN_ENUM_CONVERSION = YES;
				CLANG_WARN_INFINITE_RECURSION = YES;
				CLANG_WARN_INT_CONVERSION = YES;
				CLANG_WARN_NON_LITERAL_NULL_CONVERSION = YES;
				CLANG_WARN_OBJC_IMPLICIT_RETAIN_SELF = YES;
				CLANG_WARN_OBJC_LITERAL_CONVERSION = YES;
				CLANG_WARN_OBJC_ROOT_CLASS = YES_ERROR;
				CLANG_WARN_QUOTED_INCLUDE_IN_FRAMEWORK_HEADER = YES;
				CLANG_WARN_RANGE_LOOP_ANALYSIS = YES;
				CLANG_WARN_STRICT_PROTOTYPES = YES;
				CLANG_WARN_SUSPICIOUS_MOVE = YES;
				CLANG_WARN_UNGUARDED_AVAILABILITY = YES_AGGRESSIVE;
				CLANG_WARN_UNREACHABLE_CODE = YES;
				CLANG_WARN__DUPLICATE_METHOD_MATCH = YES;
				COPY_PHASE_STRIP = NO;
				DEBUG_INFORMATION_FORMAT = "dwarf-with-dsym";
				ENABLE_NS_ASSERTIONS = NO;
				ENABLE_STRICT_OBJC_MSGSEND = YES;
				GCC_C_LANGUAGE_STANDARD = gnu11;
				GCC_NO_COMMON_BLOCKS = YES;
				GCC_WARN_64_TO_32_BIT_CONVERSION = YES;
				GCC_WARN_ABOUT_RETURN_TYPE = YES_ERROR;
				GCC_WARN_UNDECLARED_SELECTOR = YES;
				GCC_WARN_UNINITIALIZED_AUTOS = YES_AGGRESSIVE;
				GCC_WARN_UNUSED_FUNCTION = YES;
				GCC_WARN_UNUSED_VARIABLE = YES;
				IPHONEOS_DEPLOYMENT_TARGET = 14.1;
				MTL_ENABLE_DEBUG_INFO = NO;
				MTL_FAST_MATH = YES;
				SDKROOT = iphoneos;
				SWIFT_COMPILATION_MODE = wholemodule;
				SWIFT_OPTIMIZATION_LEVEL = "-O";
				VALIDATE_PRODUCT = YES;
			};
			name = Release;
		};
		84BAB66F266114B500E8C9DA /* Debug */ = {
			isa = XCBuildConfiguration;
			buildSettings = {
				ASSETCATALOG_COMPILER_APPICON_NAME = AppIcon;
				ASSETCATALOG_COMPILER_GLOBAL_ACCENT_COLOR_NAME = AccentColor;
				CODE_SIGN_STYLE = Automatic;
				DEVELOPMENT_ASSET_PATHS = "\"Memoria/Preview Content\"";
				ENABLE_PREVIEWS = YES;
				INFOPLIST_FILE = Memoria/Info.plist;
				LD_RUNPATH_SEARCH_PATHS = (
					"$(inherited)",
					"@executable_path/Frameworks",
				);
				PRODUCT_BUNDLE_IDENTIFIER = "camorii-apps.Memoria";
				PRODUCT_NAME = "$(TARGET_NAME)";
				SWIFT_VERSION = 5.0;
				TARGETED_DEVICE_FAMILY = "1,2";
			};
			name = Debug;
		};
		84BAB670266114B500E8C9DA /* Release */ = {
			isa = XCBuildConfiguration;
			buildSettings = {
				ASSETCATALOG_COMPILER_APPICON_NAME = AppIcon;
				ASSETCATALOG_COMPILER_GLOBAL_ACCENT_COLOR_NAME = AccentColor;
				CODE_SIGN_STYLE = Automatic;
				DEVELOPMENT_ASSET_PATHS = "\"Memoria/Preview Content\"";
				ENABLE_PREVIEWS = YES;
				INFOPLIST_FILE = Memoria/Info.plist;
				LD_RUNPATH_SEARCH_PATHS = (
					"$(inherited)",
					"@executable_path/Frameworks",
				);
				PRODUCT_BUNDLE_IDENTIFIER = "camorii-apps.Memoria";
				PRODUCT_NAME = "$(TARGET_NAME)";
				SWIFT_VERSION = 5.0;
				TARGETED_DEVICE_FAMILY = "1,2";
			};
			name = Release;
		};
/* End XCBuildConfiguration section */

/* Begin XCConfigurationList section */
		84BAB655266114B300E8C9DA /* Build configuration list for PBXProject "Memoria" */ = {
			isa = XCConfigurationList;
			buildConfigurations = (
				84BAB66C266114B500E8C9DA /* Debug */,
				84BAB66D266114B500E8C9DA /* Release */,
			);
			defaultConfigurationIsVisible = 0;
			defaultConfigurationName = Release;
		};
		84BAB66E266114B500E8C9DA /* Build configuration list for PBXNativeTarget "Memoria" */ = {
			isa = XCConfigurationList;
			buildConfigurations = (
				84BAB66F266114B500E8C9DA /* Debug */,
				84BAB670266114B500E8C9DA /* Release */,
			);
			defaultConfigurationIsVisible = 0;
			defaultConfigurationName = Release;
		};
/* End XCConfigurationList section */
	};
	rootObject = 84BAB652266114B300E8C9DA /* Project object */;
}
